
Microsoft Visual Studio Solution File, Format Version 12.00
Project("{FAE04EC0-301F-11D3-BF4B-00C04F79EFBC}") = "Sonikku.Results", "Sonikku.Results\Sonikku.Results.csproj", "{6E46709B-4ECB-438A-83D2-0AA6D7C53CBC}"
EndProject
Global
	GlobalSection(SolutionConfigurationPlatforms) = preSolution
		Debug|Any CPU = Debug|Any CPU
		Release|Any CPU = Release|Any CPU
	EndGlobalSection
	GlobalSection(ProjectConfigurationPlatforms) = postSolution
		{6E46709B-4ECB-438A-83D2-0AA6D7C53CBC}.Debug|Any CPU.ActiveCfg = Debug|Any CPU
		{6E46709B-4ECB-438A-83D2-0AA6D7C53CBC}.Debug|Any CPU.Build.0 = Debug|Any CPU
		{6E46709B-4ECB-438A-83D2-0AA6D7C53CBC}.Release|Any CPU.ActiveCfg = Release|Any CPU
		{6E46709B-4ECB-438A-83D2-0AA6D7C53CBC}.Release|Any CPU.Build.0 = Release|Any CPU
	EndGlobalSection
EndGlobal
